// !$*UTF8*$!
{
	archiveVersion = 1;
	classes = {
	};
	objectVersion = 56;
	objects = {

/* Begin PBXBuildFile section */
		1C6DF7932C0793FF00D721DF /* Chat01App.swift in Sources */ = {isa = PBXBuildFile; fileRef = 1C6DF7922C0793FF00D721DF /* Chat01App.swift */; };
		1C6DF7952C0793FF00D721DF /* ChatView.swift in Sources */ = {isa = PBXBuildFile; fileRef = 1C6DF7942C0793FF00D721DF /* ChatView.swift */; };
		1C6DF7972C07940400D721DF /* Assets.xcassets in Resources */ = {isa = PBXBuildFile; fileRef = 1C6DF7962C07940400D721DF /* Assets.xcassets */; };
		1C6DF79A2C07940400D721DF /* Preview Assets.xcassets in Resources */ = {isa = PBXBuildFile; fileRef = 1C6DF7992C07940400D721DF /* Preview Assets.xcassets */; };
		1C6DF7A42C07940500D721DF /* Chat01Tests.swift in Sources */ = {isa = PBXBuildFile; fileRef = 1C6DF7A32C07940500D721DF /* Chat01Tests.swift */; };
		1C6DF7AE2C07940500D721DF /* Chat01UITests.swift in Sources */ = {isa = PBXBuildFile; fileRef = 1C6DF7AD2C07940500D721DF /* Chat01UITests.swift */; };
		1C6DF7B02C07940500D721DF /* Chat01UITestsLaunchTests.swift in Sources */ = {isa = PBXBuildFile; fileRef = 1C6DF7AF2C07940500D721DF /* Chat01UITestsLaunchTests.swift */; };
		1C6DF7BD2C07947000D721DF /* SettingsView.swift in Sources */ = {isa = PBXBuildFile; fileRef = 1C6DF7BC2C07947000D721DF /* SettingsView.swift */; };
		1C6DF7BF2C0794BA00D721DF /* WebSocketManager.swift in Sources */ = {isa = PBXBuildFile; fileRef = 1C6DF7BE2C0794BA00D721DF /* WebSocketManager.swift */; };
		1C6DF7C12C0794D400D721DF /* NetworkManager.swift in Sources */ = {isa = PBXBuildFile; fileRef = 1C6DF7C02C0794D400D721DF /* NetworkManager.swift */; };
/* End PBXBuildFile section */

/* Begin PBXContainerItemProxy section */
		1C6DF7A02C07940500D721DF /* PBXContainerItemProxy */ = {
			isa = PBXContainerItemProxy;
			containerPortal = 1C6DF7872C0793FF00D721DF /* Project object */;
			proxyType = 1;
			remoteGlobalIDString = 1C6DF78E2C0793FF00D721DF;
			remoteInfo = Chat01;
		};
		1C6DF7AA2C07940500D721DF /* PBXContainerItemProxy */ = {
			isa = PBXContainerItemProxy;
			containerPortal = 1C6DF7872C0793FF00D721DF /* Project object */;
			proxyType = 1;
			remoteGlobalIDString = 1C6DF78E2C0793FF00D721DF;
			remoteInfo = Chat01;
		};
/* End PBXContainerItemProxy section */

/* Begin PBXFileReference section */
		1C6DF78F2C0793FF00D721DF /* Chat01.app */ = {isa = PBXFileReference; explicitFileType = wrapper.application; includeInIndex = 0; path = Chat01.app; sourceTree = BUILT_PRODUCTS_DIR; };
		1C6DF7922C0793FF00D721DF /* Chat01App.swift */ = {isa = PBXFileReference; lastKnownFileType = sourcecode.swift; path = Chat01App.swift; sourceTree = "<group>"; };
		1C6DF7942C0793FF00D721DF /* ChatView.swift */ = {isa = PBXFileReference; lastKnownFileType = sourcecode.swift; path = ChatView.swift; sourceTree = "<group>"; };
		1C6DF7962C07940400D721DF /* Assets.xcassets */ = {isa = PBXFileReference; lastKnownFileType = folder.assetcatalog; path = Assets.xcassets; sourceTree = "<group>"; };
		1C6DF7992C07940400D721DF /* Preview Assets.xcassets */ = {isa = PBXFileReference; lastKnownFileType = folder.assetcatalog; path = "Preview Assets.xcassets"; sourceTree = "<group>"; };
		1C6DF79F2C07940500D721DF /* Chat01Tests.xctest */ = {isa = PBXFileReference; explicitFileType = wrapper.cfbundle; includeInIndex = 0; path = Chat01Tests.xctest; sourceTree = BUILT_PRODUCTS_DIR; };
		1C6DF7A32C07940500D721DF /* Chat01Tests.swift */ = {isa = PBXFileReference; lastKnownFileType = sourcecode.swift; path = Chat01Tests.swift; sourceTree = "<group>"; };
		1C6DF7A92C07940500D721DF /* Chat01UITests.xctest */ = {isa = PBXFileReference; explicitFileType = wrapper.cfbundle; includeInIndex = 0; path = Chat01UITests.xctest; sourceTree = BUILT_PRODUCTS_DIR; };
		1C6DF7AD2C07940500D721DF /* Chat01UITests.swift */ = {isa = PBXFileReference; lastKnownFileType = sourcecode.swift; path = Chat01UITests.swift; sourceTree = "<group>"; };
		1C6DF7AF2C07940500D721DF /* Chat01UITestsLaunchTests.swift */ = {isa = PBXFileReference; lastKnownFileType = sourcecode.swift; path = Chat01UITestsLaunchTests.swift; sourceTree = "<group>"; };
		1C6DF7BC2C07947000D721DF /* SettingsView.swift */ = {isa = PBXFileReference; lastKnownFileType = sourcecode.swift; path = SettingsView.swift; sourceTree = "<group>"; };
		1C6DF7BE2C0794BA00D721DF /* WebSocketManager.swift */ = {isa = PBXFileReference; lastKnownFileType = sourcecode.swift; path = WebSocketManager.swift; sourceTree = "<group>"; };
		1C6DF7C02C0794D400D721DF /* NetworkManager.swift */ = {isa = PBXFileReference; lastKnownFileType = sourcecode.swift; path = NetworkManager.swift; sourceTree = "<group>"; };
/* End PBXFileReference section */

/* Begin PBXFrameworksBuildPhase section */
		1C6DF78C2C0793FF00D721DF /* Frameworks */ = {
			isa = PBXFrameworksBuildPhase;
			buildActionMask = 2147483647;
			files = (
			);
			runOnlyForDeploymentPostprocessing = 0;
		};
		1C6DF79C2C07940500D721DF /* Frameworks */ = {
			isa = PBXFrameworksBuildPhase;
			buildActionMask = 2147483647;
			files = (
			);
			runOnlyForDeploymentPostprocessing = 0;
		};
		1C6DF7A62C07940500D721DF /* Frameworks */ = {
			isa = PBXFrameworksBuildPhase;
			buildActionMask = 2147483647;
			files = (
			);
			runOnlyForDeploymentPostprocessing = 0;
		};
/* End PBXFrameworksBuildPhase section */

/* Begin PBXGroup section */
		1C6DF7862C0793FF00D721DF = {
			isa = PBXGroup;
			children = (
				1C6DF7912C0793FF00D721DF /* Chat01 */,
				1C6DF7A22C07940500D721DF /* Chat01Tests */,
				1C6DF7AC2C07940500D721DF /* Chat01UITests */,
				1C6DF7902C0793FF00D721DF /* Products */,
			);
			sourceTree = "<group>";
		};
		1C6DF7902C0793FF00D721DF /* Products */ = {
			isa = PBXGroup;
			children = (
				1C6DF78F2C0793FF00D721DF /* Chat01.app */,
				1C6DF79F2C07940500D721DF /* Chat01Tests.xctest */,
				1C6DF7A92C07940500D721DF /* Chat01UITests.xctest */,
			);
			name = Products;
			sourceTree = "<group>";
		};
		1C6DF7912C0793FF00D721DF /* Chat01 */ = {
			isa = PBXGroup;
			children = (
				1C6DF7922C0793FF00D721DF /* Chat01App.swift */,
				1C6DF7942C0793FF00D721DF /* ChatView.swift */,
				1C6DF7BE2C0794BA00D721DF /* WebSocketManager.swift */,
				1C6DF7C02C0794D400D721DF /* NetworkManager.swift */,
				1C6DF7BC2C07947000D721DF /* SettingsView.swift */,
				1C6DF7962C07940400D721DF /* Assets.xcassets */,
				1C6DF7982C07940400D721DF /* Preview Content */,
			);
			path = Chat01;
			sourceTree = "<group>";
		};
		1C6DF7982C07940400D721DF /* Preview Content */ = {
			isa = PBXGroup;
			children = (
				1C6DF7992C07940400D721DF /* Preview Assets.xcassets */,
			);
			path = "Preview Content";
			sourceTree = "<group>";
		};
		1C6DF7A22C07940500D721DF /* Chat01Tests */ = {
			isa = PBXGroup;
			children = (
				1C6DF7A32C07940500D721DF /* Chat01Tests.swift */,
			);
			path = Chat01Tests;
			sourceTree = "<group>";
		};
		1C6DF7AC2C07940500D721DF /* Chat01UITests */ = {
			isa = PBXGroup;
			children = (
				1C6DF7AD2C07940500D721DF /* Chat01UITests.swift */,
				1C6DF7AF2C07940500D721DF /* Chat01UITestsLaunchTests.swift */,
			);
			path = Chat01UITests;
			sourceTree = "<group>";
		};
/* End PBXGroup section */

/* Begin PBXNativeTarget section */
		1C6DF78E2C0793FF00D721DF /* Chat01 */ = {
			isa = PBXNativeTarget;
			buildConfigurationList = 1C6DF7B32C07940500D721DF /* Build configuration list for PBXNativeTarget "Chat01" */;
			buildPhases = (
				1C6DF78B2C0793FF00D721DF /* Sources */,
				1C6DF78C2C0793FF00D721DF /* Frameworks */,
				1C6DF78D2C0793FF00D721DF /* Resources */,
			);
			buildRules = (
			);
			dependencies = (
			);
			name = Chat01;
			productName = Chat01;
			productReference = 1C6DF78F2C0793FF00D721DF /* Chat01.app */;
			productType = "com.apple.product-type.application";
		};
		1C6DF79E2C07940500D721DF /* Chat01Tests */ = {
			isa = PBXNativeTarget;
			buildConfigurationList = 1C6DF7B62C07940500D721DF /* Build configuration list for PBXNativeTarget "Chat01Tests" */;
			buildPhases = (
				1C6DF79B2C07940500D721DF /* Sources */,
				1C6DF79C2C07940500D721DF /* Frameworks */,
				1C6DF79D2C07940500D721DF /* Resources */,
			);
			buildRules = (
			);
			dependencies = (
				1C6DF7A12C07940500D721DF /* PBXTargetDependency */,
			);
			name = Chat01Tests;
			productName = Chat01Tests;
			productReference = 1C6DF79F2C07940500D721DF /* Chat01Tests.xctest */;
			productType = "com.apple.product-type.bundle.unit-test";
		};
		1C6DF7A82C07940500D721DF /* Chat01UITests */ = {
			isa = PBXNativeTarget;
			buildConfigurationList = 1C6DF7B92C07940500D721DF /* Build configuration list for PBXNativeTarget "Chat01UITests" */;
			buildPhases = (
				1C6DF7A52C07940500D721DF /* Sources */,
				1C6DF7A62C07940500D721DF /* Frameworks */,
				1C6DF7A72C07940500D721DF /* Resources */,
			);
			buildRules = (
			);
			dependencies = (
				1C6DF7AB2C07940500D721DF /* PBXTargetDependency */,
			);
			name = Chat01UITests;
			productName = Chat01UITests;
			productReference = 1C6DF7A92C07940500D721DF /* Chat01UITests.xctest */;
			productType = "com.apple.product-type.bundle.ui-testing";
		};
/* End PBXNativeTarget section */

/* Begin PBXProject section */
		1C6DF7872C0793FF00D721DF /* Project object */ = {
			isa = PBXProject;
			attributes = {
				BuildIndependentTargetsInParallel = 1;
				LastSwiftUpdateCheck = 1540;
				LastUpgradeCheck = 1540;
				TargetAttributes = {
					1C6DF78E2C0793FF00D721DF = {
						CreatedOnToolsVersion = 15.4;
					};
					1C6DF79E2C07940500D721DF = {
						CreatedOnToolsVersion = 15.4;
						TestTargetID = 1C6DF78E2C0793FF00D721DF;
					};
					1C6DF7A82C07940500D721DF = {
						CreatedOnToolsVersion = 15.4;
						TestTargetID = 1C6DF78E2C0793FF00D721DF;
					};
				};
			};
			buildConfigurationList = 1C6DF78A2C0793FF00D721DF /* Build configuration list for PBXProject "Chat01" */;
			compatibilityVersion = "Xcode 14.0";
			developmentRegion = en;
			hasScannedForEncodings = 0;
			knownRegions = (
				en,
				Base,
			);
			mainGroup = 1C6DF7862C0793FF00D721DF;
			productRefGroup = 1C6DF7902C0793FF00D721DF /* Products */;
			projectDirPath = "";
			projectRoot = "";
			targets = (
				1C6DF78E2C0793FF00D721DF /* Chat01 */,
				1C6DF79E2C07940500D721DF /* Chat01Tests */,
				1C6DF7A82C07940500D721DF /* Chat01UITests */,
			);
		};
/* End PBXProject section */

/* Begin PBXResourcesBuildPhase section */
		1C6DF78D2C0793FF00D721DF /* Resources */ = {
			isa = PBXResourcesBuildPhase;
			buildActionMask = 2147483647;
			files = (
				1C6DF79A2C07940400D721DF /* Preview Assets.xcassets in Resources */,
				1C6DF7972C07940400D721DF /* Assets.xcassets in Resources */,
			);
			runOnlyForDeploymentPostprocessing = 0;
		};
		1C6DF79D2C07940500D721DF /* Resources */ = {
			isa = PBXResourcesBuildPhase;
			buildActionMask = 2147483647;
			files = (
			);
			runOnlyForDeploymentPostprocessing = 0;
		};
		1C6DF7A72C07940500D721DF /* Resources */ = {
			isa = PBXResourcesBuildPhase;
			buildActionMask = 2147483647;
			files = (
			);
			runOnlyForDeploymentPostprocessing = 0;
		};
/* End PBXResourcesBuildPhase section */

/* Begin PBXSourcesBuildPhase section */
		1C6DF78B2C0793FF00D721DF /* Sources */ = {
			isa = PBXSourcesBuildPhase;
			buildActionMask = 2147483647;
			files = (
				1C6DF7BD2C07947000D721DF /* SettingsView.swift in Sources */,
				1C6DF7952C0793FF00D721DF /* ChatView.swift in Sources */,
				1C6DF7C12C0794D400D721DF /* NetworkManager.swift in Sources */,
				1C6DF7932C0793FF00D721DF /* Chat01App.swift in Sources */,
				1C6DF7BF2C0794BA00D721DF /* WebSocketManager.swift in Sources */,
			);
			runOnlyForDeploymentPostprocessing = 0;
		};
		1C6DF79B2C07940500D721DF /* Sources */ = {
			isa = PBXSourcesBuildPhase;
			buildActionMask = 2147483647;
			files = (
				1C6DF7A42C07940500D721DF /* Chat01Tests.swift in Sources */,
			);
			runOnlyForDeploymentPostprocessing = 0;
		};
		1C6DF7A52C07940500D721DF /* Sources */ = {
			isa = PBXSourcesBuildPhase;
			buildActionMask = 2147483647;
			files = (
				1C6DF7AE2C07940500D721DF /* Chat01UITests.swift in Sources */,
				1C6DF7B02C07940500D721DF /* Chat01UITestsLaunchTests.swift in Sources */,
			);
			runOnlyForDeploymentPostprocessing = 0;
		};
/* End PBXSourcesBuildPhase section */

/* Begin PBXTargetDependency section */
		1C6DF7A12C07940500D721DF /* PBXTargetDependency */ = {
			isa = PBXTargetDependency;
			target = 1C6DF78E2C0793FF00D721DF /* Chat01 */;
			targetProxy = 1C6DF7A02C07940500D721DF /* PBXContainerItemProxy */;
		};
		1C6DF7AB2C07940500D721DF /* PBXTargetDependency */ = {
			isa = PBXTargetDependency;
			target = 1C6DF78E2C0793FF00D721DF /* Chat01 */;
			targetProxy = 1C6DF7AA2C07940500D721DF /* PBXContainerItemProxy */;
		};
/* End PBXTargetDependency section */

/* Begin XCBuildConfiguration section */
		1C6DF7B12C07940500D721DF /* Debug */ = {
			isa = XCBuildConfiguration;
			buildSettings = {
				ALWAYS_SEARCH_USER_PATHS = NO;
				ASSETCATALOG_COMPILER_GENERATE_SWIFT_ASSET_SYMBOL_EXTENSIONS = YES;
				CLANG_ANALYZER_NONNULL = YES;
				CLANG_ANALYZER_NUMBER_OBJECT_CONVERSION = YES_AGGRESSIVE;
				CLANG_CXX_LANGUAGE_STANDARD = "gnu++20";
				CLANG_ENABLE_MODULES = YES;
				CLANG_ENABLE_OBJC_ARC = YES;
				CLANG_ENABLE_OBJC_WEAK = YES;
				CLANG_WARN_BLOCK_CAPTURE_AUTORELEASING = YES;
				CLANG_WARN_BOOL_CONVERSION = YES;
				CLANG_WARN_COMMA = YES;
				CLANG_WARN_CONSTANT_CONVERSION = YES;
				CLANG_WARN_DEPRECATED_OBJC_IMPLEMENTATIONS = YES;
				CLANG_WARN_DIRECT_OBJC_ISA_USAGE = YES_ERROR;
				CLANG_WARN_DOCUMENTATION_COMMENTS = YES;
				CLANG_WARN_EMPTY_BODY = YES;
				CLANG_WARN_ENUM_CONVERSION = YES;
				CLANG_WARN_INFINITE_RECURSION = YES;
				CLANG_WARN_INT_CONVERSION = YES;
				CLANG_WARN_NON_LITERAL_NULL_CONVERSION = YES;
				CLANG_WARN_OBJC_IMPLICIT_RETAIN_SELF = YES;
				CLANG_WARN_OBJC_LITERAL_CONVERSION = YES;
				CLANG_WARN_OBJC_ROOT_CLASS = YES_ERROR;
				CLANG_WARN_QUOTED_INCLUDE_IN_FRAMEWORK_HEADER = YES;
				CLANG_WARN_RANGE_LOOP_ANALYSIS = YES;
				CLANG_WARN_STRICT_PROTOTYPES = YES;
				CLANG_WARN_SUSPICIOUS_MOVE = YES;
				CLANG_WARN_UNGUARDED_AVAILABILITY = YES_AGGRESSIVE;
				CLANG_WARN_UNREACHABLE_CODE = YES;
				CLANG_WARN__DUPLICATE_METHOD_MATCH = YES;
				COPY_PHASE_STRIP = NO;
				DEBUG_INFORMATION_FORMAT = dwarf;
				ENABLE_STRICT_OBJC_MSGSEND = YES;
				ENABLE_TESTABILITY = YES;
				ENABLE_USER_SCRIPT_SANDBOXING = YES;
				GCC_C_LANGUAGE_STANDARD = gnu17;
				GCC_DYNAMIC_NO_PIC = NO;
				GCC_NO_COMMON_BLOCKS = YES;
				GCC_OPTIMIZATION_LEVEL = 0;
				GCC_PREPROCESSOR_DEFINITIONS = (
					"DEBUG=1",
					"$(inherited)",
				);
				GCC_WARN_64_TO_32_BIT_CONVERSION = YES;
				GCC_WARN_ABOUT_RETURN_TYPE = YES_ERROR;
				GCC_WARN_UNDECLARED_SELECTOR = YES;
				GCC_WARN_UNINITIALIZED_AUTOS = YES_AGGRESSIVE;
				GCC_WARN_UNUSED_FUNCTION = YES;
				GCC_WARN_UNUSED_VARIABLE = YES;
				IPHONEOS_DEPLOYMENT_TARGET = 17.5;
				LOCALIZATION_PREFERS_STRING_CATALOGS = YES;
				MTL_ENABLE_DEBUG_INFO = INCLUDE_SOURCE;
				MTL_FAST_MATH = YES;
				ONLY_ACTIVE_ARCH = YES;
				SDKROOT = iphoneos;
				SWIFT_ACTIVE_COMPILATION_CONDITIONS = "DEBUG $(inherited)";
				SWIFT_OPTIMIZATION_LEVEL = "-Onone";
			};
			name = Debug;
		};
		1C6DF7B22C07940500D721DF /* Release */ = {
			isa = XCBuildConfiguration;
			buildSettings = {
				ALWAYS_SEARCH_USER_PATHS = NO;
				ASSETCATALOG_COMPILER_GENERATE_SWIFT_ASSET_SYMBOL_EXTENSIONS = YES;
				CLANG_ANALYZER_NONNULL = YES;
				CLANG_ANALYZER_NUMBER_OBJECT_CONVERSION = YES_AGGRESSIVE;
				CLANG_CXX_LANGUAGE_STANDARD = "gnu++20";
				CLANG_ENABLE_MODULES = YES;
				CLANG_ENABLE_OBJC_ARC = YES;
				CLANG_ENABLE_OBJC_WEAK = YES;
				CLANG_WARN_BLOCK_CAPTURE_AUTORELEASING = YES;
				CLANG_WARN_BOOL_CONVERSION = YES;
				CLANG_WARN_COMMA = YES;
				CLANG_WARN_CONSTANT_CONVERSION = YES;
				CLANG_WARN_DEPRECATED_OBJC_IMPLEMENTATIONS = YES;
				CLANG_WARN_DIRECT_OBJC_ISA_USAGE = YES_ERROR;
				CLANG_WARN_DOCUMENTATION_COMMENTS = YES;
				CLANG_WARN_EMPTY_BODY = YES;
				CLANG_WARN_ENUM_CONVERSION = YES;
				CLANG_WARN_INFINITE_RECURSION = YES;
				CLANG_WARN_INT_CONVERSION = YES;
				CLANG_WARN_NON_LITERAL_NULL_CONVERSION = YES;
				CLANG_WARN_OBJC_IMPLICIT_RETAIN_SELF = YES;
				CLANG_WARN_OBJC_LITERAL_CONVERSION = YES;
				CLANG_WARN_OBJC_ROOT_CLASS = YES_ERROR;
				CLANG_WARN_QUOTED_INCLUDE_IN_FRAMEWORK_HEADER = YES;
				CLANG_WARN_RANGE_LOOP_ANALYSIS = YES;
				CLANG_WARN_STRICT_PROTOTYPES = YES;
				CLANG_WARN_SUSPICIOUS_MOVE = YES;
				CLANG_WARN_UNGUARDED_AVAILABILITY = YES_AGGRESSIVE;
				CLANG_WARN_UNREACHABLE_CODE = YES;
				CLANG_WARN__DUPLICATE_METHOD_MATCH = YES;
				COPY_PHASE_STRIP = NO;
				DEBUG_INFORMATION_FORMAT = "dwarf-with-dsym";
				ENABLE_NS_ASSERTIONS = NO;
				ENABLE_STRICT_OBJC_MSGSEND = YES;
				ENABLE_USER_SCRIPT_SANDBOXING = YES;
				GCC_C_LANGUAGE_STANDARD = gnu17;
				GCC_NO_COMMON_BLOCKS = YES;
				GCC_WARN_64_TO_32_BIT_CONVERSION = YES;
				GCC_WARN_ABOUT_RETURN_TYPE = YES_ERROR;
				GCC_WARN_UNDECLARED_SELECTOR = YES;
				GCC_WARN_UNINITIALIZED_AUTOS = YES_AGGRESSIVE;
				GCC_WARN_UNUSED_FUNCTION = YES;
				GCC_WARN_UNUSED_VARIABLE = YES;
				IPHONEOS_DEPLOYMENT_TARGET = 17.5;
				LOCALIZATION_PREFERS_STRING_CATALOGS = YES;
				MTL_ENABLE_DEBUG_INFO = NO;
				MTL_FAST_MATH = YES;
				SDKROOT = iphoneos;
				SWIFT_COMPILATION_MODE = wholemodule;
				VALIDATE_PRODUCT = YES;
			};
			name = Release;
		};
		1C6DF7B42C07940500D721DF /* Debug */ = {
			isa = XCBuildConfiguration;
			buildSettings = {
				ASSETCATALOG_COMPILER_APPICON_NAME = AppIcon;
				ASSETCATALOG_COMPILER_GLOBAL_ACCENT_COLOR_NAME = AccentColor;
				CODE_SIGN_STYLE = Automatic;
				CURRENT_PROJECT_VERSION = 1;
				DEVELOPMENT_ASSET_PATHS = "\"Chat01/Preview Content\"";
				ENABLE_PREVIEWS = YES;
				GENERATE_INFOPLIST_FILE = YES;
				INFOPLIST_KEY_CFBundleDisplayName = "Chat-01";
				INFOPLIST_KEY_LSApplicationCategoryType = "public.app-category.developer-tools";
				INFOPLIST_KEY_UIApplicationSceneManifest_Generation = YES;
				INFOPLIST_KEY_UIApplicationSupportsIndirectInputEvents = YES;
				INFOPLIST_KEY_UILaunchScreen_Generation = YES;
				INFOPLIST_KEY_UISupportedInterfaceOrientations = UIInterfaceOrientationPortrait;
				LD_RUNPATH_SEARCH_PATHS = (
					"$(inherited)",
					"@executable_path/Frameworks",
				);
				MARKETING_VERSION = 1.0;
				PRODUCT_BUNDLE_IDENTIFIER = maxvaega.Chat01;
				PRODUCT_NAME = "$(TARGET_NAME)";
				SUPPORTED_PLATFORMS = "iphoneos iphonesimulator";
				SUPPORTS_MACCATALYST = NO;
				SUPPORTS_XR_DESIGNED_FOR_IPHONE_IPAD = NO;
				SWIFT_EMIT_LOC_STRINGS = YES;
				SWIFT_VERSION = 5.0;
				TARGETED_DEVICE_FAMILY = "1,2";
			};
			name = Debug;
		};
		1C6DF7B52C07940500D721DF /* Release */ = {
			isa = XCBuildConfiguration;
			buildSettings = {
				ASSETCATALOG_COMPILER_APPICON_NAME = AppIcon;
				ASSETCATALOG_COMPILER_GLOBAL_ACCENT_COLOR_NAME = AccentColor;
				CODE_SIGN_STYLE = Automatic;
				CURRENT_PROJECT_VERSION = 1;
				DEVELOPMENT_ASSET_PATHS = "\"Chat01/Preview Content\"";
				ENABLE_PREVIEWS = YES;
				GENERATE_INFOPLIST_FILE = YES;
				INFOPLIST_KEY_CFBundleDisplayName = "Chat-01";
				INFOPLIST_KEY_LSApplicationCategoryType = "public.app-category.developer-tools";
				INFOPLIST_KEY_UIApplicationSceneManifest_Generation = YES;
				INFOPLIST_KEY_UIApplicationSupportsIndirectInputEvents = YES;
				INFOPLIST_KEY_UILaunchScreen_Generation = YES;
				INFOPLIST_KEY_UISupportedInterfaceOrientations = UIInterfaceOrientationPortrait;
				LD_RUNPATH_SEARCH_PATHS = (
					"$(inherited)",
					"@executable_path/Frameworks",
				);
				MARKETING_VERSION = 1.0;
				PRODUCT_BUNDLE_IDENTIFIER = maxvaega.Chat01;
				PRODUCT_NAME = "$(TARGET_NAME)";
				SUPPORTED_PLATFORMS = "iphoneos iphonesimulator";
				SUPPORTS_MACCATALYST = NO;
				SUPPORTS_XR_DESIGNED_FOR_IPHONE_IPAD = NO;
				SWIFT_EMIT_LOC_STRINGS = YES;
				SWIFT_VERSION = 5.0;
				TARGETED_DEVICE_FAMILY = "1,2";
			};
			name = Release;
		};
		1C6DF7B72C07940500D721DF /* Debug */ = {
			isa = XCBuildConfiguration;
			buildSettings = {
				ALWAYS_EMBED_SWIFT_STANDARD_LIBRARIES = YES;
				BUNDLE_LOADER = "$(TEST_HOST)";
				CODE_SIGN_STYLE = Automatic;
				CURRENT_PROJECT_VERSION = 1;
				GENERATE_INFOPLIST_FILE = YES;
				IPHONEOS_DEPLOYMENT_TARGET = 17.5;
				MARKETING_VERSION = 1.0;
				PRODUCT_BUNDLE_IDENTIFIER = maxvaega.Chat01Tests;
				PRODUCT_NAME = "$(TARGET_NAME)";
				SWIFT_EMIT_LOC_STRINGS = NO;
				SWIFT_VERSION = 5.0;
				TARGETED_DEVICE_FAMILY = "1,2";
				TEST_HOST = "$(BUILT_PRODUCTS_DIR)/Chat01.app/$(BUNDLE_EXECUTABLE_FOLDER_PATH)/Chat01";
			};
			name = Debug;
		};
		1C6DF7B82C07940500D721DF /* Release */ = {
			isa = XCBuildConfiguration;
			buildSettings = {
				ALWAYS_EMBED_SWIFT_STANDARD_LIBRARIES = YES;
				BUNDLE_LOADER = "$(TEST_HOST)";
				CODE_SIGN_STYLE = Automatic;
				CURRENT_PROJECT_VERSION = 1;
				GENERATE_INFOPLIST_FILE = YES;
				IPHONEOS_DEPLOYMENT_TARGET = 17.5;
				MARKETING_VERSION = 1.0;
				PRODUCT_BUNDLE_IDENTIFIER = maxvaega.Chat01Tests;
				PRODUCT_NAME = "$(TARGET_NAME)";
				SWIFT_EMIT_LOC_STRINGS = NO;
				SWIFT_VERSION = 5.0;
				TARGETED_DEVICE_FAMILY = "1,2";
				TEST_HOST = "$(BUILT_PRODUCTS_DIR)/Chat01.app/$(BUNDLE_EXECUTABLE_FOLDER_PATH)/Chat01";
			};
			name = Release;
		};
		1C6DF7BA2C07940500D721DF /* Debug */ = {
			isa = XCBuildConfiguration;
			buildSettings = {
				ALWAYS_EMBED_SWIFT_STANDARD_LIBRARIES = YES;
				CODE_SIGN_STYLE = Automatic;
				CURRENT_PROJECT_VERSION = 1;
				GENERATE_INFOPLIST_FILE = YES;
				MARKETING_VERSION = 1.0;
				PRODUCT_BUNDLE_IDENTIFIER = maxvaega.Chat01UITests;
				PRODUCT_NAME = "$(TARGET_NAME)";
				SWIFT_EMIT_LOC_STRINGS = NO;
				SWIFT_VERSION = 5.0;
				TARGETED_DEVICE_FAMILY = "1,2";
				TEST_TARGET_NAME = Chat01;
			};
			name = Debug;
		};
		1C6DF7BB2C07940500D721DF /* Release */ = {
			isa = XCBuildConfiguration;
			buildSettings = {
				ALWAYS_EMBED_SWIFT_STANDARD_LIBRARIES = YES;
				CODE_SIGN_STYLE = Automatic;
				CURRENT_PROJECT_VERSION = 1;
				GENERATE_INFOPLIST_FILE = YES;
				MARKETING_VERSION = 1.0;
				PRODUCT_BUNDLE_IDENTIFIER = maxvaega.Chat01UITests;
				PRODUCT_NAME = "$(TARGET_NAME)";
				SWIFT_EMIT_LOC_STRINGS = NO;
				SWIFT_VERSION = 5.0;
				TARGETED_DEVICE_FAMILY = "1,2";
				TEST_TARGET_NAME = Chat01;
			};
			name = Release;
		};
/* End XCBuildConfiguration section */

/* Begin XCConfigurationList section */
		1C6DF78A2C0793FF00D721DF /* Build configuration list for PBXProject "Chat01" */ = {
			isa = XCConfigurationList;
			buildConfigurations = (
				1C6DF7B12C07940500D721DF /* Debug */,
				1C6DF7B22C07940500D721DF /* Release */,
			);
			defaultConfigurationIsVisible = 0;
			defaultConfigurationName = Release;
		};
		1C6DF7B32C07940500D721DF /* Build configuration list for PBXNativeTarget "Chat01" */ = {
			isa = XCConfigurationList;
			buildConfigurations = (
				1C6DF7B42C07940500D721DF /* Debug */,
				1C6DF7B52C07940500D721DF /* Release */,
			);
			defaultConfigurationIsVisible = 0;
			defaultConfigurationName = Release;
		};
		1C6DF7B62C07940500D721DF /* Build configuration list for PBXNativeTarget "Chat01Tests" */ = {
			isa = XCConfigurationList;
			buildConfigurations = (
				1C6DF7B72C07940500D721DF /* Debug */,
				1C6DF7B82C07940500D721DF /* Release */,
			);
			defaultConfigurationIsVisible = 0;
			defaultConfigurationName = Release;
		};
		1C6DF7B92C07940500D721DF /* Build configuration list for PBXNativeTarget "Chat01UITests" */ = {
			isa = XCConfigurationList;
			buildConfigurations = (
				1C6DF7BA2C07940500D721DF /* Debug */,
				1C6DF7BB2C07940500D721DF /* Release */,
			);
			defaultConfigurationIsVisible = 0;
			defaultConfigurationName = Release;
		};
/* End XCConfigurationList section */
	};
	rootObject = 1C6DF7872C0793FF00D721DF /* Project object */;
}
